
Microsoft Visual Studio Solution File, Format Version 12.00
# Visual Studio Version 16
VisualStudioVersion = 16.0.31605.320
MinimumVisualStudioVersion = 10.0.40219.1
Project("{FAE04EC0-301F-11D3-BF4B-00C04F79EFBC}") = "pattern1ex", "pattern1ex\pattern1ex.csproj", "{52FC36B5-6F7F-4A8F-8416-8815F324BDB4}"
EndProject
Global
	GlobalSection(SolutionConfigurationPlatforms) = preSolution
		Debug|Any CPU = Debug|Any CPU
		Release|Any CPU = Release|Any CPU
	EndGlobalSection
	GlobalSection(ProjectConfigurationPlatforms) = postSolution
		{52FC36B5-6F7F-4A8F-8416-8815F324BDB4}.Debug|Any CPU.ActiveCfg = Debug|Any CPU
		{52FC36B5-6F7F-4A8F-8416-8815F324BDB4}.Debug|Any CPU.Build.0 = Debug|Any CPU
		{52FC36B5-6F7F-4A8F-8416-8815F324BDB4}.Release|Any CPU.ActiveCfg = Release|Any CPU
		{52FC36B5-6F7F-4A8F-8416-8815F324BDB4}.Release|Any CPU.Build.0 = Release|Any CPU
	EndGlobalSection
	GlobalSection(SolutionProperties) = preSolution
		HideSolutionNode = FALSE
	EndGlobalSection
	GlobalSection(ExtensibilityGlobals) = postSolution
		SolutionGuid = {3CC1A0E0-4131-4788-9DBE-21195428F1A9}
	EndGlobalSection
EndGlobal
